# THIS IS AN AUTOGENERATED FILE. DO NOT EDIT THIS FILE DIRECTLY.
# yarn lockfile v1


sax@>=0.6.0:
  version "1.2.4"
  resolved "https://registry.yarnpkg.com/sax/-/sax-1.2.4.tgz#2816234e2378bddc4e5354fab5caa895df7100d9"
  integrity sha512-NqVDv9TpANUjFm0N8uM5GxL36UgKi9/atZw+x7YFnQ8ckwFGKrl4xX4yWtrey3UJm5nP1kUbnYgLopqWNSRhWw==

xml2js@0.4.20:
  version "0.4.20"
  resolved "https://registry.yarnpkg.com/xml2js/-/xml2js-0.4.20.tgz#f388b2ad23b092c41f81bbba080186b0acc0f6f1"
  integrity sha512-5+6o7cEzGZerpxm1WspA2C5ylzcvmNpyGyt8Q5GJtaMzXOmKgxNhsatXGXozHFinzT1fQVZoQIq+zgJd1QsjZA==
  dependencies:
    sax ">=0.6.0"
    xmlbuilder "~10.0.0"

xmlbuilder@~10.0.0:
  version "10.0.0"
  resolved "https://registry.yarnpkg.com/xmlbuilder/-/xmlbuilder-10.0.0.tgz#c64e52f8ae097fe5fd46d1c38adaade071ee1b55"
  integrity sha512-7RWHlmF1yU/E++BZkRQTEv8ZFAhZ+YHINUAxiZ5LQTKRQq//igpiY8rh7dJqPzgb/IzeC5jH9P7OaCERfM9DwA==
